
Microsoft Visual Studio Solution File, Format Version 12.00
# Visual Studio Version 16
VisualStudioVersion = 16.0.29411.108
MinimumVisualStudioVersion = 10.0.40219.1
Project("{FAE04EC0-301F-11D3-BF4B-00C04F79EFBC}") = "OpportunityAccessTeam", "OpportunityAccessTeam\OpportunityAccessTeam.csproj", "{83EBA744-C382-4B6A-BEA8-C5E5721E8F28}"
EndProject
Global
	GlobalSection(SolutionConfigurationPlatforms) = preSolution
		Debug|Any CPU = Debug|Any CPU
		Release|Any CPU = Release|Any CPU
	EndGlobalSection
	GlobalSection(ProjectConfigurationPlatforms) = postSolution
		{83EBA744-C382-4B6A-BEA8-C5E5721E8F28}.Debug|Any CPU.ActiveCfg = Debug|Any CPU
		{83EBA744-C382-4B6A-BEA8-C5E5721E8F28}.Debug|Any CPU.Build.0 = Debug|Any CPU
		{83EBA744-C382-4B6A-BEA8-C5E5721E8F28}.Release|Any CPU.ActiveCfg = Release|Any CPU
		{83EBA744-C382-4B6A-BEA8-C5E5721E8F28}.Release|Any CPU.Build.0 = Release|Any CPU
	EndGlobalSection
	GlobalSection(SolutionProperties) = preSolution
		HideSolutionNode = FALSE
	EndGlobalSection
	GlobalSection(ExtensibilityGlobals) = postSolution
		SolutionGuid = {46903D40-5E69-42D6-A7F9-081015BD0066}
	EndGlobalSection
EndGlobal
