
Microsoft Visual Studio Solution File, Format Version 12.00
# Visual Studio Version 16
VisualStudioVersion = 16.0.29411.108
MinimumVisualStudioVersion = 10.0.40219.1
Project("{FAE04EC0-301F-11D3-BF4B-00C04F79EFBC}") = "StopOpportunityClose", "StopOpportunityClose\StopOpportunityClose.csproj", "{947121BB-56BB-4BC9-9771-68F1CF1A7DD5}"
EndProject
Global
	GlobalSection(SolutionConfigurationPlatforms) = preSolution
		Debug|Any CPU = Debug|Any CPU
		Release|Any CPU = Release|Any CPU
	EndGlobalSection
	GlobalSection(ProjectConfigurationPlatforms) = postSolution
		{947121BB-56BB-4BC9-9771-68F1CF1A7DD5}.Debug|Any CPU.ActiveCfg = Debug|Any CPU
		{947121BB-56BB-4BC9-9771-68F1CF1A7DD5}.Debug|Any CPU.Build.0 = Debug|Any CPU
		{947121BB-56BB-4BC9-9771-68F1CF1A7DD5}.Release|Any CPU.ActiveCfg = Release|Any CPU
		{947121BB-56BB-4BC9-9771-68F1CF1A7DD5}.Release|Any CPU.Build.0 = Release|Any CPU
	EndGlobalSection
	GlobalSection(SolutionProperties) = preSolution
		HideSolutionNode = FALSE
	EndGlobalSection
	GlobalSection(ExtensibilityGlobals) = postSolution
		SolutionGuid = {68EAD0C2-5FF1-41BE-BC26-FE893D0D2A35}
	EndGlobalSection
EndGlobal
